
Microsoft Visual Studio Solution File, Format Version 12.00
# Visual Studio Version 17
VisualStudioVersion = 17.3.32922.545
MinimumVisualStudioVersion = 10.0.40219.1
Project("{FAE04EC0-301F-11D3-BF4B-00C04F79EFBC}") = "Stefanut_Catalin_Lab1", "Stefanut_Catalin_Lab1.csproj", "{BE77559F-3621-4760-BB9C-F53AAA543B00}"
EndProject
Global
	GlobalSection(SolutionConfigurationPlatforms) = preSolution
		Debug|Any CPU = Debug|Any CPU
		Release|Any CPU = Release|Any CPU
	EndGlobalSection
	GlobalSection(ProjectConfigurationPlatforms) = postSolution
		{BE77559F-3621-4760-BB9C-F53AAA543B00}.Debug|Any CPU.ActiveCfg = Debug|Any CPU
		{BE77559F-3621-4760-BB9C-F53AAA543B00}.Debug|Any CPU.Build.0 = Debug|Any CPU
		{BE77559F-3621-4760-BB9C-F53AAA543B00}.Release|Any CPU.ActiveCfg = Release|Any CPU
		{BE77559F-3621-4760-BB9C-F53AAA543B00}.Release|Any CPU.Build.0 = Release|Any CPU
	EndGlobalSection
	GlobalSection(SolutionProperties) = preSolution
		HideSolutionNode = FALSE
	EndGlobalSection
	GlobalSection(ExtensibilityGlobals) = postSolution
		SolutionGuid = {093D5220-F008-406D-B0D8-198E098D922F}
	EndGlobalSection
EndGlobal
